{"is_source_file": true, "file_id": 15, "git_revision": "", "state": 1, "description": "", "external_files": [], "external_methods": [], "published": [], "classes": [], "methods": [], "calls": [], "search-terms": [], "filename": "/home/kavia/workspace/code-generation/intratech-connect-17280-d523d95b/yarn.lock", "hash": "c677aae5e7cf0658fa7fb76d67fec077", "format-version": 4, "code-base-name": "default", "knowledge_revision": 16}